# Fresh 2026-09-09 nightly/master and official SDCC snapshot.
CORPUS_COMMIT=460ec34769f01324ca49b66145f09babdbe507fc
CORPUS_SHA256=f74f02cd8852d5b0c9bb7241d0a9b0f384ccfe887105b0412a5064b4d3bdd2b4
Z88DK_CURRENT_COMMIT=895dc1366573b792d98b0607fb1048d2db248b3d
Z88DK_80CC_COMMIT=895dc1366573b792d98b0607fb1048d2db248b3d
SDCC_CURRENT_COMMIT=a1ab477f6e5117e74964e7088db566521f7aed7a
XCC_COMMIT=1301bcf7a709dfd3cd88031338b57f9ba696cbf9
X_MODEL=M
TICKS_MACHINE=msx
TICKS_BUDGET=60
NIGHTLY_ARCHIVE=z88dk-20260909-895dc13665-25851.tgz
NIGHTLY_SHA256=7f314bb2fc843c34ccfbe84e82911eb1b9f4a4d5a1e8ed0f3ca69b12abc04455
NIGHTLY_SDCC_REVISION=16639
OFFICIAL_SDCC_REVISION=16858
TOOLCHAIN_SNAPSHOT=latest-20260909
NIGHTLY_ARCHIVE_URL=http://nightly.z88dk.org/z88dk-20260909-895dc13665-25851.tgz
NIGHTLY_SDCC_SOURCE_SHA256=1edf26ae132004c654343812c9d7d794b1aef8c506653d67fbd2789545c9a1f9
